{
  "name": "@danriti/client",
  "version": "0.3.0",
  "lockfileVersion": 1,
  "requires": true,
  "dependencies": {
    "@danriti/types": {
      "version": "0.1.0",
      "resolved": "https://npm.pkg.github.com/download/@danriti/types/0.1.0/65794f30ebcc51aa6af7b0bba5ce13a7f1852e7e2a19429467f2ce6a8325b617",
      "integrity": "sha1-MRvnaLeIrY1H0y7a+3csgXzrCZI="
    }
  }
}
